
Microsoft Visual Studio Solution File, Format Version 12.00
# Visual Studio 2013
VisualStudioVersion = 12.0.40629.0
MinimumVisualStudioVersion = 10.0.40219.1
Project("{FAE04EC0-301F-11D3-BF4B-00C04F79EFBC}") = "SFXUtility", "SFXUtility\SFXUtility.csproj", "{2D7486BB-8A00-4CDB-AE64-8BF17463B518}"
EndProject
Project("{2150E333-8FDC-42A3-9474-1A3956D46DE8}") = "Github", "Github", "{4C60A78D-3A94-4062-A28A-6FA91FEA539A}"
	ProjectSection(SolutionItems) = preProject
		LICENSE.md = LICENSE.md
		README.md = README.md
	EndProjectSection
EndProject
Project("{FAE04EC0-301F-11D3-BF4B-00C04F79EFBC}") = "SFXLibrary", "SFXLibrary\SFXLibrary.csproj", "{C9D4DEB3-9CAC-49B4-9CCB-1509D01AD618}"
EndProject
Project("{2150E333-8FDC-42A3-9474-1A3956D46DE8}") = "Other", "Other", "{97A40F2B-AD7D-407B-A4BE-0D4DEF6BB2DA}"
	ProjectSection(SolutionItems) = preProject
		default.licenseheader = default.licenseheader
	EndProjectSection
EndProject
Project("{FAE04EC0-301F-11D3-BF4B-00C04F79EFBC}") = "SFXSnake", "SFXSnake\SFXSnake.csproj", "{9D9C5C9F-2C9B-4DE4-B9F1-4B67F59FD142}"
EndProject
Project("{FAE04EC0-301F-11D3-BF4B-00C04F79EFBC}") = "SFXChallenger", "SFXChallenger\SFXChallenger.csproj", "{D3C14DC0-F958-401A-880E-D0C72C371605}"
EndProject
Project("{FAE04EC0-301F-11D3-BF4B-00C04F79EFBC}") = "LeagueSharp.Console", "LeagueSharp.Console\LeagueSharp.Console.csproj", "{3BB23CFE-3725-4B1F-AD6E-DFD6DAAD4CD1}"
EndProject
Project("{FAE04EC0-301F-11D3-BF4B-00C04F79EFBC}") = "SFXTargetSelector", "SFXTargetSelector\SFXTargetSelector.csproj", "{C4889B29-2282-491E-8B10-B6CBCD4D7772}"
EndProject
Project("{FAE04EC0-301F-11D3-BF4B-00C04F79EFBC}") = "SFXHumanizer Pro", "SFXHumanizer Pro\SFXHumanizer Pro.csproj", "{13632247-E42C-4AE0-B0FA-3A2FF11DC4AB}"
EndProject
Global
	GlobalSection(SolutionConfigurationPlatforms) = preSolution
		Debug|Any CPU = Debug|Any CPU
		Debug|ARM = Debug|ARM
		Debug|x64 = Debug|x64
		Debug|x86 = Debug|x86
		Release|Any CPU = Release|Any CPU
		Release|ARM = Release|ARM
		Release|x64 = Release|x64
		Release|x86 = Release|x86
	EndGlobalSection
	GlobalSection(ProjectConfigurationPlatforms) = postSolution
		{2D7486BB-8A00-4CDB-AE64-8BF17463B518}.Debug|Any CPU.ActiveCfg = Debug|Any CPU
		{2D7486BB-8A00-4CDB-AE64-8BF17463B518}.Debug|Any CPU.Build.0 = Debug|Any CPU
		{2D7486BB-8A00-4CDB-AE64-8BF17463B518}.Debug|ARM.ActiveCfg = Debug|Any CPU
		{2D7486BB-8A00-4CDB-AE64-8BF17463B518}.Debug|x64.ActiveCfg = Debug|Any CPU
		{2D7486BB-8A00-4CDB-AE64-8BF17463B518}.Debug|x86.ActiveCfg = Debug|Any CPU
		{2D7486BB-8A00-4CDB-AE64-8BF17463B518}.Release|Any CPU.ActiveCfg = Release|Any CPU
		{2D7486BB-8A00-4CDB-AE64-8BF17463B518}.Release|Any CPU.Build.0 = Release|Any CPU
		{2D7486BB-8A00-4CDB-AE64-8BF17463B518}.Release|ARM.ActiveCfg = Release|Any CPU
		{2D7486BB-8A00-4CDB-AE64-8BF17463B518}.Release|x64.ActiveCfg = Release|Any CPU
		{2D7486BB-8A00-4CDB-AE64-8BF17463B518}.Release|x86.ActiveCfg = Release|Any CPU
		{C9D4DEB3-9CAC-49B4-9CCB-1509D01AD618}.Debug|Any CPU.ActiveCfg = Debug|Any CPU
		{C9D4DEB3-9CAC-49B4-9CCB-1509D01AD618}.Debug|Any CPU.Build.0 = Debug|Any CPU
		{C9D4DEB3-9CAC-49B4-9CCB-1509D01AD618}.Debug|ARM.ActiveCfg = Debug|Any CPU
		{C9D4DEB3-9CAC-49B4-9CCB-1509D01AD618}.Debug|x64.ActiveCfg = Debug|Any CPU
		{C9D4DEB3-9CAC-49B4-9CCB-1509D01AD618}.Debug|x86.ActiveCfg = Debug|Any CPU
		{C9D4DEB3-9CAC-49B4-9CCB-1509D01AD618}.Release|Any CPU.ActiveCfg = Release|Any CPU
		{C9D4DEB3-9CAC-49B4-9CCB-1509D01AD618}.Release|Any CPU.Build.0 = Release|Any CPU
		{C9D4DEB3-9CAC-49B4-9CCB-1509D01AD618}.Release|ARM.ActiveCfg = Release|Any CPU
		{C9D4DEB3-9CAC-49B4-9CCB-1509D01AD618}.Release|x64.ActiveCfg = Release|Any CPU
		{C9D4DEB3-9CAC-49B4-9CCB-1509D01AD618}.Release|x86.ActiveCfg = Release|Any CPU
		{9D9C5C9F-2C9B-4DE4-B9F1-4B67F59FD142}.Debug|Any CPU.ActiveCfg = Debug|Any CPU
		{9D9C5C9F-2C9B-4DE4-B9F1-4B67F59FD142}.Debug|Any CPU.Build.0 = Debug|Any CPU
		{9D9C5C9F-2C9B-4DE4-B9F1-4B67F59FD142}.Debug|ARM.ActiveCfg = Debug|Any CPU
		{9D9C5C9F-2C9B-4DE4-B9F1-4B67F59FD142}.Debug|x64.ActiveCfg = Debug|Any CPU
		{9D9C5C9F-2C9B-4DE4-B9F1-4B67F59FD142}.Debug|x86.ActiveCfg = Debug|x86
		{9D9C5C9F-2C9B-4DE4-B9F1-4B67F59FD142}.Debug|x86.Build.0 = Debug|x86
		{9D9C5C9F-2C9B-4DE4-B9F1-4B67F59FD142}.Release|Any CPU.ActiveCfg = Release|Any CPU
		{9D9C5C9F-2C9B-4DE4-B9F1-4B67F59FD142}.Release|Any CPU.Build.0 = Release|Any CPU
		{9D9C5C9F-2C9B-4DE4-B9F1-4B67F59FD142}.Release|ARM.ActiveCfg = Release|Any CPU
		{9D9C5C9F-2C9B-4DE4-B9F1-4B67F59FD142}.Release|x64.ActiveCfg = Release|Any CPU
		{9D9C5C9F-2C9B-4DE4-B9F1-4B67F59FD142}.Release|x86.ActiveCfg = Release|x86
		{9D9C5C9F-2C9B-4DE4-B9F1-4B67F59FD142}.Release|x86.Build.0 = Release|x86
		{D3C14DC0-F958-401A-880E-D0C72C371605}.Debug|Any CPU.ActiveCfg = Debug|Any CPU
		{D3C14DC0-F958-401A-880E-D0C72C371605}.Debug|Any CPU.Build.0 = Debug|Any CPU
		{D3C14DC0-F958-401A-880E-D0C72C371605}.Debug|ARM.ActiveCfg = Debug|Any CPU
		{D3C14DC0-F958-401A-880E-D0C72C371605}.Debug|x64.ActiveCfg = Debug|Any CPU
		{D3C14DC0-F958-401A-880E-D0C72C371605}.Debug|x86.ActiveCfg = Debug|Any CPU
		{D3C14DC0-F958-401A-880E-D0C72C371605}.Release|Any CPU.ActiveCfg = Release|Any CPU
		{D3C14DC0-F958-401A-880E-D0C72C371605}.Release|Any CPU.Build.0 = Release|Any CPU
		{D3C14DC0-F958-401A-880E-D0C72C371605}.Release|ARM.ActiveCfg = Release|Any CPU
		{D3C14DC0-F958-401A-880E-D0C72C371605}.Release|x64.ActiveCfg = Release|Any CPU
		{D3C14DC0-F958-401A-880E-D0C72C371605}.Release|x86.ActiveCfg = Release|Any CPU
		{3BB23CFE-3725-4B1F-AD6E-DFD6DAAD4CD1}.Debug|Any CPU.ActiveCfg = Debug|Any CPU
		{3BB23CFE-3725-4B1F-AD6E-DFD6DAAD4CD1}.Debug|Any CPU.Build.0 = Debug|Any CPU
		{3BB23CFE-3725-4B1F-AD6E-DFD6DAAD4CD1}.Debug|ARM.ActiveCfg = Debug|Any CPU
		{3BB23CFE-3725-4B1F-AD6E-DFD6DAAD4CD1}.Debug|x64.ActiveCfg = Debug|Any CPU
		{3BB23CFE-3725-4B1F-AD6E-DFD6DAAD4CD1}.Debug|x86.ActiveCfg = Debug|Any CPU
		{3BB23CFE-3725-4B1F-AD6E-DFD6DAAD4CD1}.Release|Any CPU.ActiveCfg = Release|Any CPU
		{3BB23CFE-3725-4B1F-AD6E-DFD6DAAD4CD1}.Release|Any CPU.Build.0 = Release|Any CPU
		{3BB23CFE-3725-4B1F-AD6E-DFD6DAAD4CD1}.Release|ARM.ActiveCfg = Release|Any CPU
		{3BB23CFE-3725-4B1F-AD6E-DFD6DAAD4CD1}.Release|x64.ActiveCfg = Release|Any CPU
		{3BB23CFE-3725-4B1F-AD6E-DFD6DAAD4CD1}.Release|x86.ActiveCfg = Release|Any CPU
		{C4889B29-2282-491E-8B10-B6CBCD4D7772}.Debug|Any CPU.ActiveCfg = Debug|Any CPU
		{C4889B29-2282-491E-8B10-B6CBCD4D7772}.Debug|Any CPU.Build.0 = Debug|Any CPU
		{C4889B29-2282-491E-8B10-B6CBCD4D7772}.Debug|ARM.ActiveCfg = Debug|Any CPU
		{C4889B29-2282-491E-8B10-B6CBCD4D7772}.Debug|x64.ActiveCfg = Debug|Any CPU
		{C4889B29-2282-491E-8B10-B6CBCD4D7772}.Debug|x86.ActiveCfg = Debug|Any CPU
		{C4889B29-2282-491E-8B10-B6CBCD4D7772}.Release|Any CPU.ActiveCfg = Release|Any CPU
		{C4889B29-2282-491E-8B10-B6CBCD4D7772}.Release|Any CPU.Build.0 = Release|Any CPU
		{C4889B29-2282-491E-8B10-B6CBCD4D7772}.Release|ARM.ActiveCfg = Release|Any CPU
		{C4889B29-2282-491E-8B10-B6CBCD4D7772}.Release|x64.ActiveCfg = Release|Any CPU
		{C4889B29-2282-491E-8B10-B6CBCD4D7772}.Release|x86.ActiveCfg = Release|Any CPU
		{13632247-E42C-4AE0-B0FA-3A2FF11DC4AB}.Debug|Any CPU.ActiveCfg = Debug|Any CPU
		{13632247-E42C-4AE0-B0FA-3A2FF11DC4AB}.Debug|Any CPU.Build.0 = Debug|Any CPU
		{13632247-E42C-4AE0-B0FA-3A2FF11DC4AB}.Debug|ARM.ActiveCfg = Debug|Any CPU
		{13632247-E42C-4AE0-B0FA-3A2FF11DC4AB}.Debug|x64.ActiveCfg = Debug|Any CPU
		{13632247-E42C-4AE0-B0FA-3A2FF11DC4AB}.Debug|x86.ActiveCfg = Debug|Any CPU
		{13632247-E42C-4AE0-B0FA-3A2FF11DC4AB}.Release|Any CPU.ActiveCfg = Release|Any CPU
		{13632247-E42C-4AE0-B0FA-3A2FF11DC4AB}.Release|Any CPU.Build.0 = Release|Any CPU
		{13632247-E42C-4AE0-B0FA-3A2FF11DC4AB}.Release|ARM.ActiveCfg = Release|Any CPU
		{13632247-E42C-4AE0-B0FA-3A2FF11DC4AB}.Release|x64.ActiveCfg = Release|Any CPU
		{13632247-E42C-4AE0-B0FA-3A2FF11DC4AB}.Release|x86.ActiveCfg = Release|Any CPU
	EndGlobalSection
	GlobalSection(SolutionProperties) = preSolution
		HideSolutionNode = FALSE
	EndGlobalSection
EndGlobal
